
Microsoft Visual Studio Solution File, Format Version 12.00
# Visual Studio Version 16
VisualStudioVersion = 16.0.33920.266
MinimumVisualStudioVersion = 10.0.40219.1
Project("{FAE04EC0-301F-11D3-BF4B-00C04F79EFBC}") = "carBookingApp", "carBookingApp\carBookingApp.csproj", "{2002EF62-C5A3-4035-AA9A-5357382499DB}"
EndProject
Global
	GlobalSection(SolutionConfigurationPlatforms) = preSolution
		Debug|Any CPU = Debug|Any CPU
		Release|Any CPU = Release|Any CPU
	EndGlobalSection
	GlobalSection(ProjectConfigurationPlatforms) = postSolution
		{2002EF62-C5A3-4035-AA9A-5357382499DB}.Debug|Any CPU.ActiveCfg = Debug|Any CPU
		{2002EF62-C5A3-4035-AA9A-5357382499DB}.Debug|Any CPU.Build.0 = Debug|Any CPU
		{2002EF62-C5A3-4035-AA9A-5357382499DB}.Release|Any CPU.ActiveCfg = Release|Any CPU
		{2002EF62-C5A3-4035-AA9A-5357382499DB}.Release|Any CPU.Build.0 = Release|Any CPU
	EndGlobalSection
	GlobalSection(SolutionProperties) = preSolution
		HideSolutionNode = FALSE
	EndGlobalSection
	GlobalSection(ExtensibilityGlobals) = postSolution
		SolutionGuid = {AE3C7C21-BD98-43E6-A65A-2006645CE9A6}
	EndGlobalSection
EndGlobal
